{
  "name": "@akashic/akashic-sandbox-v1",
  "version": "0.0.1",
  "lockfileVersion": 1,
  "requires": true,
  "dependencies": {
    "@akashic/akashic-engine": {
      "version": "1.12.8",
      "resolved": "https://npm.coe.nicovideo.jp/@akashic%2fakashic-engine/-/akashic-engine-1.12.8.tgz",
      "integrity": "sha1-T9bAPIwbDkT2HyxetvNa64n80Qo="
    },
    "@akashic/game-driver": {
      "version": "0.11.10",
      "resolved": "https://npm.coe.nicovideo.jp/@akashic%2fgame-driver/-/game-driver-0.11.10.tgz",
      "integrity": "sha1-6zlkdkuB2y8y8EmAWoXUFor2M5k=",
      "optional": true,
      "requires": {
        "@akashic/akashic-engine": "1.12.8",
        "es6-promise": "3.3.1"
      }
    },
    "@akashic/game-storage": {
      "version": "0.0.6",
      "resolved": "https://npm.coe.nicovideo.jp/@akashic%2fgame-storage/-/game-storage-0.0.6.tgz",
      "integrity": "sha1-WSaxJw6Tk88NHIBVYmzV2xrBGlg=",
      "optional": true
    },
    "@akashic/pdi-browser": {
      "version": "0.10.7",
      "resolved": "https://npm.coe.nicovideo.jp/@akashic%2fpdi-browser/-/pdi-browser-0.10.7.tgz",
      "integrity": "sha1-qxpjkTDS0U43cEYv3tgYs5x8mtk=",
      "optional": true,
      "requires": {
        "@akashic/akashic-engine": "1.12.8"
      }
    },
    "es6-promise": {
      "version": "3.3.1",
      "resolved": "https://registry.npmjs.org/es6-promise/-/es6-promise-3.3.1.tgz",
      "integrity": "sha1-oIzd6EzNvzTQJ6FFG8kdS80ophM=",
      "optional": true
    }
  }
}
