{
  "name": "@akashic/akashic-sandbox-v2",
  "version": "0.0.1",
  "lockfileVersion": 1,
  "requires": true,
  "dependencies": {
    "@akashic/akashic-engine": {
      "version": "2.3.0",
      "resolved": "https://npm.coe.nicovideo.jp/@akashic%2fakashic-engine/-/akashic-engine-2.3.0.tgz",
      "integrity": "sha512-awUxtRoDvhuUFuLH/lq2AygOG/ZNdlmBd/30u/mq4SQCr1HvE6E02Z6tjLzash9d0JvX1dnWaufI38LJmpf1dw==",
      "dev": true
    },
    "@akashic/game-driver": {
      "version": "1.1.1",
      "resolved": "https://npm.coe.nicovideo.jp/@akashic%2fgame-driver/-/game-driver-1.1.1.tgz",
      "integrity": "sha1-Y/PtKFrqNnMn2YRMF7rgQkBlHaA=",
      "optional": true,
      "requires": {
        "@akashic/akashic-engine": "2.1.2",
        "es6-promise": "3.3.1"
      },
      "dependencies": {
        "@akashic/akashic-engine": {
          "version": "2.1.2",
          "resolved": "https://npm.coe.nicovideo.jp/@akashic%2fakashic-engine/-/akashic-engine-2.1.2.tgz",
          "integrity": "sha1-hrF0d+rm8iJ4Fhx744caLcWuqDk=",
          "optional": true
        }
      }
    },
    "@akashic/game-storage": {
      "version": "0.0.6",
      "resolved": "https://npm.coe.nicovideo.jp/@akashic%2fgame-storage/-/game-storage-0.0.6.tgz",
      "integrity": "sha1-WSaxJw6Tk88NHIBVYmzV2xrBGlg=",
      "optional": true
    },
    "@akashic/pdi-browser": {
      "version": "1.4.0",
      "resolved": "https://npm.coe.nicovideo.jp/@akashic%2fpdi-browser/-/pdi-browser-1.4.0.tgz",
      "integrity": "sha1-pDZ0lqW2DS7d7+sv7YMoXaCIr7A=",
      "optional": true,
      "requires": {
        "@akashic/akashic-engine": "2.3.0"
      },
      "dependencies": {
        "@akashic/akashic-engine": {
          "version": "2.3.0",
          "resolved": "https://npm.coe.nicovideo.jp/@akashic%2fakashic-engine/-/akashic-engine-2.3.0.tgz",
          "integrity": "sha512-awUxtRoDvhuUFuLH/lq2AygOG/ZNdlmBd/30u/mq4SQCr1HvE6E02Z6tjLzash9d0JvX1dnWaufI38LJmpf1dw==",
          "optional": true
        }
      }
    },
    "es6-promise": {
      "version": "3.3.1",
      "resolved": "https://registry.npmjs.org/es6-promise/-/es6-promise-3.3.1.tgz",
      "integrity": "sha1-oIzd6EzNvzTQJ6FFG8kdS80ophM=",
      "optional": true
    }
  }
}
